# This file is @generated by PDM.
# It is not intended for manual editing.

[metadata]
groups = ["default"]
strategy = ["inherit_metadata"]
lock_version = "4.5.0"
content_hash = "sha256:9180815e56fa18bc0b86eb7510604ec014c3e79b86987f12872f790635cec1b0"

[[metadata.targets]]
requires_python = ">=3.13"

[[package]]
name = "comtypes"
version = "1.4.16"
requires_python = ">=3.9"
summary = "Pure Python COM package"
groups = ["default"]
files = [
    {file = "comtypes-1.4.16-py3-none-any.whl", hash = "sha256:e18d85179ff12955524c5a8c3bc09cb3c0d890f1da4d7123d14244c7b78f84c8"},
    {file = "comtypes-1.4.16.tar.gz", hash = "sha256:cd66d1add01265cface4df51ba1e31cd1657e04463c281c802e737e79e1ba93c"},
]

[[package]]
name = "greenlet"
version = "3.5.1"
requires_python = ">=3.10"
summary = "Lightweight in-process concurrent programming"
groups = ["default"]
files = [
    {file = "greenlet-3.5.1-cp313-cp313-macosx_11_0_universal2.whl", hash = "sha256:51518ff74664078fc51bffcc6fc529b0df5ae58da192691cee765d45ce944a2b"},
    {file = "greenlet-3.5.1-cp313-cp313-manylinux_2_24_aarch64.manylinux_2_28_aarch64.whl", hash = "sha256:1ffdb3c0bb002c99cd8f298957e046c3dbf6006b5b7cdf11a4e19194624a0a0a"},
    {file = "greenlet-3.5.1-cp313-cp313-manylinux_2_24_ppc64le.manylinux_2_28_ppc64le.whl", hash = "sha256:7715a5a2c3378ba602c3a440558261e13a820bb53a82693aacd7b7f6d964e283"},
    {file = "greenlet-3.5.1-cp313-cp313-manylinux_2_24_s390x.manylinux_2_28_s390x.whl", hash = "sha256:d40a890035c0058cadbdc4af7569800fd28a0e527a0fdbb7b5f9418f176846ce"},
    {file = "greenlet-3.5.1-cp313-cp313-manylinux_2_24_x86_64.manylinux_2_28_x86_64.whl", hash = "sha256:dc71ff466927a201b08305acac451ebe1aedfcea002f62f1f2f2ac2ac1e6a135"},
    {file = "greenlet-3.5.1-cp313-cp313-manylinux_2_39_riscv64.whl", hash = "sha256:67821bb03e4e98664490edb787ff6af501194c29bbee0f5c1dfdcf1dc3d9d436"},
    {file = "greenlet-3.5.1-cp313-cp313-musllinux_1_2_aarch64.whl", hash = "sha256:cd443683db272ebaaca03af98c0b063ab30db70ea8a31a1559f35e3f7b744ccd"},
    {file = "greenlet-3.5.1-cp313-cp313-musllinux_1_2_x86_64.whl", hash = "sha256:089fff7a6ce8d9316d1f65ebc00273a56be258c1725b32b94de90a3a979557e1"},
    {file = "greenlet-3.5.1-cp313-cp313-win_amd64.whl", hash = "sha256:110a1ca7b49b014b097f6078272c3f4ed31af45b254de5228b79adba879f6af9"},
    {file = "greenlet-3.5.1-cp313-cp313-win_arm64.whl", hash = "sha256:f16ba1efc0715b680a18b8123d90dad887c6112ae3555b4b5c32c149540c6b4e"},
    {file = "greenlet-3.5.1-cp314-cp314-macosx_11_0_universal2.whl", hash = "sha256:d8ab31c9de8651a2facdd5c5bb0011f2380dd1a7af78ce2adf4b56095294fc07"},
    {file = "greenlet-3.5.1-cp314-cp314-manylinux_2_24_aarch64.manylinux_2_28_aarch64.whl", hash = "sha256:5e300185139abc337ade480c327183adf42a875ac7181bfe66d7d4efea31fbea"},
    {file = "greenlet-3.5.1-cp314-cp314-manylinux_2_24_ppc64le.manylinux_2_28_ppc64le.whl", hash = "sha256:7ffdb990dcaa0234cf9845aead5df2e3c3a8b6507d409274dd87e0d5ab05ffc2"},
    {file = "greenlet-3.5.1-cp314-cp314-manylinux_2_24_s390x.manylinux_2_28_s390x.whl", hash = "sha256:6c09df69dc1712d131332054a858a3e5cca400967fa3a672e2324fbb0971448c"},
    {file = "greenlet-3.5.1-cp314-cp314-manylinux_2_24_x86_64.manylinux_2_28_x86_64.whl", hash = "sha256:2f82b3597e9d83b63408affed0b48fd0f54935edac4302237b9a837be0dae33c"},
    {file = "greenlet-3.5.1-cp314-cp314-manylinux_2_39_riscv64.whl", hash = "sha256:a4764e0bfc6a4d114c865b32520805c16a990ef5f286a514413b05d5ecd6a23d"},
    {file = "greenlet-3.5.1-cp314-cp314-musllinux_1_2_aarch64.whl", hash = "sha256:c0141e37414c10164e702b8fb1473304221ad98f71600850c6ef7ff4880feba0"},
    {file = "greenlet-3.5.1-cp314-cp314-musllinux_1_2_x86_64.whl", hash = "sha256:50ae25a67bea74ea41fb14b960bc532df73eb713417b2d61892dced82fe8d3bc"},
    {file = "greenlet-3.5.1-cp314-cp314-win_amd64.whl", hash = "sha256:8a17c42330e261299766b75ac1ea32caa437a9453c8f65d16a13140db378ecd3"},
    {file = "greenlet-3.5.1-cp314-cp314-win_arm64.whl", hash = "sha256:7b5f5fae05b8ac6d176a61b60c394a8cbdc2b5b91b81793066e68745cf165e54"},
    {file = "greenlet-3.5.1-cp314-cp314t-macosx_11_0_universal2.whl", hash = "sha256:ea8da1e900d758d078810d4255d8c6aa572181896a31ec79d779eb79c3adc9ad"},
    {file = "greenlet-3.5.1-cp314-cp314t-manylinux_2_24_aarch64.manylinux_2_28_aarch64.whl", hash = "sha256:a19570c52a21420dcbc94e661994bc325c0b5b11304540fed514586da5dc8f2e"},
    {file = "greenlet-3.5.1-cp314-cp314t-manylinux_2_24_ppc64le.manylinux_2_28_ppc64le.whl", hash = "sha256:3d955c89b75eeca4723d7cc14135f393cd47c32e2a6cb4a8e4c6e760a26b0986"},
    {file = "greenlet-3.5.1-cp314-cp314t-manylinux_2_24_s390x.manylinux_2_28_s390x.whl", hash = "sha256:ea37d5a157eb9493820d3792ac4ece28619a394391d2b9f2f78057d396ff0f0f"},
    {file = "greenlet-3.5.1-cp314-cp314t-manylinux_2_24_x86_64.manylinux_2_28_x86_64.whl", hash = "sha256:de2daaaebd1a5aa88c49045b6baf9310b3263796bd88db713edf37cf53e7bb4e"},
    {file = "greenlet-3.5.1-cp314-cp314t-manylinux_2_39_riscv64.whl", hash = "sha256:8d8a23250ea3ec7b36de8fa4b541e9e2db3ee82915cc060ab0631609ad8b28de"},
    {file = "greenlet-3.5.1-cp314-cp314t-musllinux_1_2_aarch64.whl", hash = "sha256:3bfbd69cc349e43bf3a8ae1c85548ff0718efc887615c2db16c3833d7b0b072d"},
    {file = "greenlet-3.5.1-cp314-cp314t-musllinux_1_2_x86_64.whl", hash = "sha256:4378720dd888136c27215a0214d32a4d37c3852765d45bc37aad0623423cfd78"},
    {file = "greenlet-3.5.1-cp314-cp314t-win_amd64.whl", hash = "sha256:45718441607f9325d948db98cbc691276059316d0358c188c246da4e1d4d23d2"},
    {file = "greenlet-3.5.1-cp315-cp315-macosx_11_0_universal2.whl", hash = "sha256:2baee5ca02031757ffe8cc3d69f0cc0aec7065ce362622da74f32d3bcab1c541"},
    {file = "greenlet-3.5.1-cp315-cp315-manylinux_2_24_aarch64.manylinux_2_28_aarch64.whl", hash = "sha256:9b1ec3274918a81d3ea778b9e75b56b72b33f300edb6cf7f3a7fe1dae56683de"},
    {file = "greenlet-3.5.1-cp315-cp315-manylinux_2_24_ppc64le.manylinux_2_28_ppc64le.whl", hash = "sha256:111e2390ffffc47d5840b01711dd7fac07d4c09283d0283e7f3264b14e284c64"},
    {file = "greenlet-3.5.1-cp315-cp315-manylinux_2_24_s390x.manylinux_2_28_s390x.whl", hash = "sha256:10a9a1c0bfbc93d41156ffcb90c75fbc05544054faf15dcc1fdf9765f8b607f0"},
    {file = "greenlet-3.5.1-cp315-cp315-manylinux_2_24_x86_64.manylinux_2_28_x86_64.whl", hash = "sha256:e630136e905fe5ff43e86945ae41220b6d1470956a39220e708110ac48d01ea5"},
    {file = "greenlet-3.5.1-cp315-cp315-manylinux_2_39_riscv64.whl", hash = "sha256:ef08c1567c78074b22d1a200183d52d04a14df447bf70bcbb6a3507a48e776fc"},
    {file = "greenlet-3.5.1-cp315-cp315-musllinux_1_2_aarch64.whl", hash = "sha256:975eac34b44a7077ca4d421348455b94f0f518246a7f14bc6d2fdcfe5b584368"},
    {file = "greenlet-3.5.1-cp315-cp315-musllinux_1_2_x86_64.whl", hash = "sha256:9ab3c3a0b2ae6198e67c898dad5215a49f9ae0d0081b3c3ec59f333e39eeca26"},
    {file = "greenlet-3.5.1-cp315-cp315-win_amd64.whl", hash = "sha256:cbfc69be86e10dcfef5b1e6269d1d6926552aa89ee39e1de3353360c1b6989ab"},
    {file = "greenlet-3.5.1-cp315-cp315-win_arm64.whl", hash = "sha256:92fd6d44ac5e5a887c8a5dc4a8ba0ba908527c31c12f78c6bc7dcfe8aab279f6"},
    {file = "greenlet-3.5.1-cp315-cp315t-macosx_11_0_universal2.whl", hash = "sha256:a6fdf2433a5441ef9a95464f7c3e674775da1c8c1177fff311cee1acad4626ed"},
    {file = "greenlet-3.5.1-cp315-cp315t-manylinux_2_24_aarch64.manylinux_2_28_aarch64.whl", hash = "sha256:7546556f0d649f99f6a361098a55f761181bb2ea12ff150bb16d26092ad88244"},
    {file = "greenlet-3.5.1-cp315-cp315t-manylinux_2_24_ppc64le.manylinux_2_28_ppc64le.whl", hash = "sha256:d5ee3ea898009fa898f85f9982255d35278c477bebe185beca249cab42d4526c"},
    {file = "greenlet-3.5.1-cp315-cp315t-manylinux_2_24_s390x.manylinux_2_28_s390x.whl", hash = "sha256:a57b0d05a0448eed231d59c0ceb287dde984551e54cbc51ac2d4865712838e9c"},
    {file = "greenlet-3.5.1-cp315-cp315t-manylinux_2_24_x86_64.manylinux_2_28_x86_64.whl", hash = "sha256:a5c81f74d204d3edd136ebfd50dce53acbb776995d721a0fe801626cfc93b8cd"},
    {file = "greenlet-3.5.1-cp315-cp315t-manylinux_2_39_riscv64.whl", hash = "sha256:b0703c2cef53e01baec47f7a3868009913ad71ec678bbecb42a6f40895e4ce62"},
    {file = "greenlet-3.5.1-cp315-cp315t-musllinux_1_2_aarch64.whl", hash = "sha256:2c18ef16bf6d4dd410e4dd52996888ea1497be26892fe5bbc73580aba4287b8e"},
    {file = "greenlet-3.5.1-cp315-cp315t-musllinux_1_2_x86_64.whl", hash = "sha256:17d86354f0ae6b61bf9be5148d0dd34e06c3cb7c602c671f79f29ac3b150e659"},
    {file = "greenlet-3.5.1-cp315-cp315t-win_amd64.whl", hash = "sha256:e7516cf6ae6b8a582c2770a0caed47b8a48373ed732c33d69a72913ae6ac923e"},
    {file = "greenlet-3.5.1-cp315-cp315t-win_arm64.whl", hash = "sha256:5028648bf2253ec4745add746129d3904121fa7fe871a76bed23c5720573ce0a"},
    {file = "greenlet-3.5.1.tar.gz", hash = "sha256:5a56aeb7d5d9cc4b3a735efb5095bd4b4f6f0e4f93e5ca876d0e2315137b7829"},
]

[[package]]
name = "playwright"
version = "1.60.0"
requires_python = ">=3.9"
summary = "A high-level API to automate web browsers"
groups = ["default"]
dependencies = [
    "greenlet<4.0.0,>=3.1.1",
    "pyee<14,>=13",
]
files = [
    {file = "playwright-1.60.0-py3-none-macosx_10_13_x86_64.whl", hash = "sha256:6a8cd0fec171fb3089e95e898c8bc8a6f35dea0b78b399e12fcc19427e91b1d7"},
    {file = "playwright-1.60.0-py3-none-macosx_11_0_arm64.whl", hash = "sha256:39b5420ba6145045b69ced4c5c47d4d9fe5bddfc8ff816c518913afcb25ec7a5"},
    {file = "playwright-1.60.0-py3-none-macosx_11_0_universal2.whl", hash = "sha256:2581d0e6a3392c71f91b27460c7fd093356818dc430f48153896c8aeeaef7705"},
    {file = "playwright-1.60.0-py3-none-manylinux1_x86_64.whl", hash = "sha256:1c2bfae7884fb3fb05b853290eab8f343d524e5016f2f1def702acbbdf14c93e"},
    {file = "playwright-1.60.0-py3-none-manylinux_2_17_aarch64.manylinux2014_aarch64.whl", hash = "sha256:43e66564125ee31b07a58cefb21e256d62d67d8d1713e6858df7a3019d8ed353"},
    {file = "playwright-1.60.0-py3-none-win32.whl", hash = "sha256:ec94e416ea320711e0ad4bf185dcbf41833672961e90773e1885255d7db7b7e7"},
    {file = "playwright-1.60.0-py3-none-win_amd64.whl", hash = "sha256:9566821ce6030a1f9e7146a24e19355ab0d98805fd0f9be50bb3d8fef1750c02"},
    {file = "playwright-1.60.0-py3-none-win_arm64.whl", hash = "sha256:6e4f6700a4c2250efff8e690a81d66e3855754fb587b6b87cf5c784014f91537"},
]

[[package]]
name = "pyee"
version = "13.0.1"
requires_python = ">=3.8"
summary = "A rough port of Node.js's EventEmitter to Python with a few tricks of its own"
groups = ["default"]
dependencies = [
    "typing-extensions",
]
files = [
    {file = "pyee-13.0.1-py3-none-any.whl", hash = "sha256:af2f8fede4171ef667dfded53f96e2ed0d6e6bd7ee3bb46437f77e3b57689228"},
    {file = "pyee-13.0.1.tar.gz", hash = "sha256:0b931f7c14535667ed4c7e0d531716368715e860b988770fc7eb8578d1f67fc8"},
]

[[package]]
name = "typing-extensions"
version = "4.15.0"
requires_python = ">=3.9"
summary = "Backported and Experimental Type Hints for Python 3.9+"
groups = ["default"]
files = [
    {file = "typing_extensions-4.15.0-py3-none-any.whl", hash = "sha256:f0fa19c6845758ab08074a0cfa8b7aecb71c999ca73d62883bc25cc018c4e548"},
    {file = "typing_extensions-4.15.0.tar.gz", hash = "sha256:0cea48d173cc12fa28ecabc3b837ea3cf6f38c6d1136f85cbaaf598984861466"},
]

[[package]]
name = "uiautomation"
version = "2.0.29"
summary = "Python UIAutomation for Windows"
groups = ["default"]
dependencies = [
    "comtypes>=1.2.1",
]
files = [
    {file = "uiautomation-2.0.29-py3-none-any.whl", hash = "sha256:5dd51c9e77e70470142a13d903be67f256c445e7cf20b47ada0ece2bdaff9f32"},
    {file = "uiautomation-2.0.29.tar.gz", hash = "sha256:3c169112043ce21065aead1d79c3baebdafc9cf03bd24ded02b2db11d423d88d"},
]
